# THIS IS AN AUTOGENERATED FILE. DO NOT EDIT THIS FILE DIRECTLY.
# yarn lockfile v1


eslint-config-react@^1.1.7:
  version "1.1.7"
  resolved "https://registry.yarnpkg.com/eslint-config-react/-/eslint-config-react-1.1.7.tgz#a0918d0fc47d0e9bd161a47308021da85d2585b3"
  integrity sha512-P4Z6u68wf0BvIvZNu+U8uQsk3DcZ1CcCI1XpUkJlG6vOa+iVcSQLgE01f2DB2kXlKRcT8/3dsH+wveLgvEgbkQ==
